
Microsoft Visual Studio Solution File, Format Version 12.00
# Visual Studio Version 17
VisualStudioVersion = 17.13.35806.99
MinimumVisualStudioVersion = 10.0.40219.1
Project("{FAE04EC0-301F-11D3-BF4B-00C04F79EFBC}") = "Portal", "Portal\Portal.csproj", "{DE9F87E0-A4C9-4F3C-BD57-08BE895B88D4}"
EndProject
Project("{FAE04EC0-301F-11D3-BF4B-00C04F79EFBC}") = "Tests", "Tests\Tests.csproj", "{5A026920-BEB9-44E5-86D4-319EEA4C601E}"
EndProject
Project("{FAE04EC0-301F-11D3-BF4B-00C04F79EFBC}") = "Domain", "Domain\Domain.csproj", "{AC27360B-753C-4FF1-94F9-F99531CF79CF}"
EndProject
Project("{FAE04EC0-301F-11D3-BF4B-00C04F79EFBC}") = "Infrastructure", "Infrastructure\Infrastructure.csproj", "{C858BCA7-876C-45FD-AA5D-8E641947F358}"
EndProject
Project("{FAE04EC0-301F-11D3-BF4B-00C04F79EFBC}") = "Application", "Application\Application.csproj", "{5D0382C4-5DE8-4CD8-B54C-B8BE144B9A6D}"
EndProject
Project("{FAE04EC0-301F-11D3-BF4B-00C04F79EFBC}") = "FreeRadius", "FreeRadius\FreeRadius.csproj", "{32512A36-5BB9-4537-854C-DD6745080892}"
EndProject
Project("{FAE04EC0-301F-11D3-BF4B-00C04F79EFBC}") = "Shared", "Shared\Shared.csproj", "{39670357-381C-41C0-B42A-A841FCAAA4D4}"
EndProject
Project("{FAE04EC0-301F-11D3-BF4B-00C04F79EFBC}") = "OutSource", "OutSource\OutSource.csproj", "{E64259E9-DF3E-4CDB-B4A7-2E53346B6305}"
EndProject
Project("{FAE04EC0-301F-11D3-BF4B-00C04F79EFBC}") = "Admin", "Admin\Admin.csproj", "{775C4ABC-0F71-4435-82F1-7F3E7C03B027}"
EndProject
Project("{FAE04EC0-301F-11D3-BF4B-00C04F79EFBC}") = "MikrotikRadius", "MikrotikRadius\MikrotikRadius.csproj", "{6C60AFD8-5143-4195-BACC-2E029EE81D9B}"
EndProject
Project("{FAE04EC0-301F-11D3-BF4B-00C04F79EFBC}") = "ServiceFactoryHandler", "ServiceFactoryHandler\ServiceFactoryHandler.csproj", "{84BA5D9F-4AB4-47E8-A11B-BD6FB3C9A090}"
EndProject
Project("{FAE04EC0-301F-11D3-BF4B-00C04F79EFBC}") = "ServerBridge", "ServerBridge\ServerBridge.csproj", "{0DAFE75D-AFFD-4F42-A131-1B3290A7C8A7}"
EndProject
Project("{2150E333-8FDC-42A3-9474-1A3956D46DE8}") = "Tik4net", "Tik4net", "{02EA681E-C7D8-13C7-8484-4AC65E1B71E8}"
EndProject
Project("{FAE04EC0-301F-11D3-BF4B-00C04F79EFBC}") = "tik4net", "Tik4net\tik4net\tik4net.csproj", "{D870F486-61AE-0F73-0E08-9EBD9B3C348D}"
EndProject
Project("{FAE04EC0-301F-11D3-BF4B-00C04F79EFBC}") = "tik4net.objects", "Tik4net\tik4net.objects\tik4net.objects.csproj", "{F40310EE-3A2F-A9D7-9813-B53FEFCA9521}"
EndProject
Project("{FAE04EC0-301F-11D3-BF4B-00C04F79EFBC}") = "tik4net.tests", "Tik4net\tik4net.tests\tik4net.tests.csproj", "{2FB8E75F-9F49-4A8A-BC57-7CD299807EEE}"
EndProject
Global
	GlobalSection(SolutionConfigurationPlatforms) = preSolution
		Debug|Any CPU = Debug|Any CPU
		Release|Any CPU = Release|Any CPU
	EndGlobalSection
	GlobalSection(ProjectConfigurationPlatforms) = postSolution
		{DE9F87E0-A4C9-4F3C-BD57-08BE895B88D4}.Debug|Any CPU.ActiveCfg = Debug|Any CPU
		{DE9F87E0-A4C9-4F3C-BD57-08BE895B88D4}.Debug|Any CPU.Build.0 = Debug|Any CPU
		{DE9F87E0-A4C9-4F3C-BD57-08BE895B88D4}.Release|Any CPU.ActiveCfg = Release|Any CPU
		{DE9F87E0-A4C9-4F3C-BD57-08BE895B88D4}.Release|Any CPU.Build.0 = Release|Any CPU
		{5A026920-BEB9-44E5-86D4-319EEA4C601E}.Debug|Any CPU.ActiveCfg = Debug|Any CPU
		{5A026920-BEB9-44E5-86D4-319EEA4C601E}.Debug|Any CPU.Build.0 = Debug|Any CPU
		{5A026920-BEB9-44E5-86D4-319EEA4C601E}.Release|Any CPU.ActiveCfg = Release|Any CPU
		{5A026920-BEB9-44E5-86D4-319EEA4C601E}.Release|Any CPU.Build.0 = Release|Any CPU
		{AC27360B-753C-4FF1-94F9-F99531CF79CF}.Debug|Any CPU.ActiveCfg = Debug|Any CPU
		{AC27360B-753C-4FF1-94F9-F99531CF79CF}.Debug|Any CPU.Build.0 = Debug|Any CPU
		{AC27360B-753C-4FF1-94F9-F99531CF79CF}.Release|Any CPU.ActiveCfg = Release|Any CPU
		{AC27360B-753C-4FF1-94F9-F99531CF79CF}.Release|Any CPU.Build.0 = Release|Any CPU
		{C858BCA7-876C-45FD-AA5D-8E641947F358}.Debug|Any CPU.ActiveCfg = Debug|Any CPU
		{C858BCA7-876C-45FD-AA5D-8E641947F358}.Debug|Any CPU.Build.0 = Debug|Any CPU
		{C858BCA7-876C-45FD-AA5D-8E641947F358}.Release|Any CPU.ActiveCfg = Release|Any CPU
		{C858BCA7-876C-45FD-AA5D-8E641947F358}.Release|Any CPU.Build.0 = Release|Any CPU
		{5D0382C4-5DE8-4CD8-B54C-B8BE144B9A6D}.Debug|Any CPU.ActiveCfg = Debug|Any CPU
		{5D0382C4-5DE8-4CD8-B54C-B8BE144B9A6D}.Debug|Any CPU.Build.0 = Debug|Any CPU
		{5D0382C4-5DE8-4CD8-B54C-B8BE144B9A6D}.Release|Any CPU.ActiveCfg = Release|Any CPU
		{5D0382C4-5DE8-4CD8-B54C-B8BE144B9A6D}.Release|Any CPU.Build.0 = Release|Any CPU
		{32512A36-5BB9-4537-854C-DD6745080892}.Debug|Any CPU.ActiveCfg = Debug|Any CPU
		{32512A36-5BB9-4537-854C-DD6745080892}.Debug|Any CPU.Build.0 = Debug|Any CPU
		{32512A36-5BB9-4537-854C-DD6745080892}.Release|Any CPU.ActiveCfg = Release|Any CPU
		{32512A36-5BB9-4537-854C-DD6745080892}.Release|Any CPU.Build.0 = Release|Any CPU
		{39670357-381C-41C0-B42A-A841FCAAA4D4}.Debug|Any CPU.ActiveCfg = Debug|Any CPU
		{39670357-381C-41C0-B42A-A841FCAAA4D4}.Debug|Any CPU.Build.0 = Debug|Any CPU
		{39670357-381C-41C0-B42A-A841FCAAA4D4}.Release|Any CPU.ActiveCfg = Release|Any CPU
		{39670357-381C-41C0-B42A-A841FCAAA4D4}.Release|Any CPU.Build.0 = Release|Any CPU
		{E64259E9-DF3E-4CDB-B4A7-2E53346B6305}.Debug|Any CPU.ActiveCfg = Debug|Any CPU
		{E64259E9-DF3E-4CDB-B4A7-2E53346B6305}.Debug|Any CPU.Build.0 = Debug|Any CPU
		{E64259E9-DF3E-4CDB-B4A7-2E53346B6305}.Release|Any CPU.ActiveCfg = Release|Any CPU
		{E64259E9-DF3E-4CDB-B4A7-2E53346B6305}.Release|Any CPU.Build.0 = Release|Any CPU
		{775C4ABC-0F71-4435-82F1-7F3E7C03B027}.Debug|Any CPU.ActiveCfg = Debug|Any CPU
		{775C4ABC-0F71-4435-82F1-7F3E7C03B027}.Debug|Any CPU.Build.0 = Debug|Any CPU
		{775C4ABC-0F71-4435-82F1-7F3E7C03B027}.Release|Any CPU.ActiveCfg = Release|Any CPU
		{775C4ABC-0F71-4435-82F1-7F3E7C03B027}.Release|Any CPU.Build.0 = Release|Any CPU
		{6C60AFD8-5143-4195-BACC-2E029EE81D9B}.Debug|Any CPU.ActiveCfg = Debug|Any CPU
		{6C60AFD8-5143-4195-BACC-2E029EE81D9B}.Debug|Any CPU.Build.0 = Debug|Any CPU
		{6C60AFD8-5143-4195-BACC-2E029EE81D9B}.Release|Any CPU.ActiveCfg = Release|Any CPU
		{6C60AFD8-5143-4195-BACC-2E029EE81D9B}.Release|Any CPU.Build.0 = Release|Any CPU
		{84BA5D9F-4AB4-47E8-A11B-BD6FB3C9A090}.Debug|Any CPU.ActiveCfg = Debug|Any CPU
		{84BA5D9F-4AB4-47E8-A11B-BD6FB3C9A090}.Debug|Any CPU.Build.0 = Debug|Any CPU
		{84BA5D9F-4AB4-47E8-A11B-BD6FB3C9A090}.Release|Any CPU.ActiveCfg = Release|Any CPU
		{84BA5D9F-4AB4-47E8-A11B-BD6FB3C9A090}.Release|Any CPU.Build.0 = Release|Any CPU
		{0DAFE75D-AFFD-4F42-A131-1B3290A7C8A7}.Debug|Any CPU.ActiveCfg = Debug|Any CPU
		{0DAFE75D-AFFD-4F42-A131-1B3290A7C8A7}.Debug|Any CPU.Build.0 = Debug|Any CPU
		{0DAFE75D-AFFD-4F42-A131-1B3290A7C8A7}.Release|Any CPU.ActiveCfg = Release|Any CPU
		{0DAFE75D-AFFD-4F42-A131-1B3290A7C8A7}.Release|Any CPU.Build.0 = Release|Any CPU
		{D870F486-61AE-0F73-0E08-9EBD9B3C348D}.Debug|Any CPU.ActiveCfg = Debug|Any CPU
		{D870F486-61AE-0F73-0E08-9EBD9B3C348D}.Debug|Any CPU.Build.0 = Debug|Any CPU
		{D870F486-61AE-0F73-0E08-9EBD9B3C348D}.Release|Any CPU.ActiveCfg = Release|Any CPU
		{D870F486-61AE-0F73-0E08-9EBD9B3C348D}.Release|Any CPU.Build.0 = Release|Any CPU
		{F40310EE-3A2F-A9D7-9813-B53FEFCA9521}.Debug|Any CPU.ActiveCfg = Debug|Any CPU
		{F40310EE-3A2F-A9D7-9813-B53FEFCA9521}.Debug|Any CPU.Build.0 = Debug|Any CPU
		{F40310EE-3A2F-A9D7-9813-B53FEFCA9521}.Release|Any CPU.ActiveCfg = Release|Any CPU
		{F40310EE-3A2F-A9D7-9813-B53FEFCA9521}.Release|Any CPU.Build.0 = Release|Any CPU
		{2FB8E75F-9F49-4A8A-BC57-7CD299807EEE}.Debug|Any CPU.ActiveCfg = Debug|Any CPU
		{2FB8E75F-9F49-4A8A-BC57-7CD299807EEE}.Debug|Any CPU.Build.0 = Debug|Any CPU
		{2FB8E75F-9F49-4A8A-BC57-7CD299807EEE}.Release|Any CPU.ActiveCfg = Release|Any CPU
		{2FB8E75F-9F49-4A8A-BC57-7CD299807EEE}.Release|Any CPU.Build.0 = Release|Any CPU
	EndGlobalSection
	GlobalSection(SolutionProperties) = preSolution
		HideSolutionNode = FALSE
	EndGlobalSection
	GlobalSection(NestedProjects) = preSolution
		{D870F486-61AE-0F73-0E08-9EBD9B3C348D} = {02EA681E-C7D8-13C7-8484-4AC65E1B71E8}
		{F40310EE-3A2F-A9D7-9813-B53FEFCA9521} = {02EA681E-C7D8-13C7-8484-4AC65E1B71E8}
		{2FB8E75F-9F49-4A8A-BC57-7CD299807EEE} = {02EA681E-C7D8-13C7-8484-4AC65E1B71E8}
	EndGlobalSection
	GlobalSection(ExtensibilityGlobals) = postSolution
		SolutionGuid = {656EE940-A1F6-437F-B1D7-FDFC798556C7}
	EndGlobalSection
EndGlobal
